
Microsoft Visual Studio Solution File, Format Version 12.00
# Visual Studio Version 16
VisualStudioVersion = 16.0.30907.101
MinimumVisualStudioVersion = 10.0.40219.1
Project("{2150E333-8FDC-42A3-9474-1A3956D46DE8}") = "Source", "Source", "{861BF12F-E614-46D2-B918-245FFF713C9F}"
EndProject
Project("{2150E333-8FDC-42A3-9474-1A3956D46DE8}") = "Test", "Test", "{28975763-13C5-4707-ABBF-6391949FC55B}"
EndProject
Project("{FAE04EC0-301F-11D3-BF4B-00C04F79EFBC}") = "GamsMemoryModel", "Source\GamsMemoryModel\GamsMemoryModel.csproj", "{BEE5C7D7-8468-4238-8D20-C5CA3F62A94D}"
EndProject
Project("{FAE04EC0-301F-11D3-BF4B-00C04F79EFBC}") = "GamsMemoryModelTest", "Test\GamsMemoryModelTest\GamsMemoryModelTest.csproj", "{EB7196FC-19F5-46F1-B246-E6B339969970}"
EndProject
Global
	GlobalSection(SolutionConfigurationPlatforms) = preSolution
		Debug|Any CPU = Debug|Any CPU
		Release|Any CPU = Release|Any CPU
	EndGlobalSection
	GlobalSection(ProjectConfigurationPlatforms) = postSolution
		{BEE5C7D7-8468-4238-8D20-C5CA3F62A94D}.Debug|Any CPU.ActiveCfg = Debug|Any CPU
		{BEE5C7D7-8468-4238-8D20-C5CA3F62A94D}.Debug|Any CPU.Build.0 = Debug|Any CPU
		{BEE5C7D7-8468-4238-8D20-C5CA3F62A94D}.Release|Any CPU.ActiveCfg = Release|Any CPU
		{BEE5C7D7-8468-4238-8D20-C5CA3F62A94D}.Release|Any CPU.Build.0 = Release|Any CPU
		{EB7196FC-19F5-46F1-B246-E6B339969970}.Debug|Any CPU.ActiveCfg = Debug|Any CPU
		{EB7196FC-19F5-46F1-B246-E6B339969970}.Debug|Any CPU.Build.0 = Debug|Any CPU
		{EB7196FC-19F5-46F1-B246-E6B339969970}.Release|Any CPU.ActiveCfg = Release|Any CPU
		{EB7196FC-19F5-46F1-B246-E6B339969970}.Release|Any CPU.Build.0 = Release|Any CPU
	EndGlobalSection
	GlobalSection(SolutionProperties) = preSolution
		HideSolutionNode = FALSE
	EndGlobalSection
	GlobalSection(NestedProjects) = preSolution
		{BEE5C7D7-8468-4238-8D20-C5CA3F62A94D} = {861BF12F-E614-46D2-B918-245FFF713C9F}
		{EB7196FC-19F5-46F1-B246-E6B339969970} = {28975763-13C5-4707-ABBF-6391949FC55B}
	EndGlobalSection
	GlobalSection(ExtensibilityGlobals) = postSolution
		SolutionGuid = {AA4BB360-DD88-418D-A1D6-4C8CD5F2E41F}
	EndGlobalSection
EndGlobal
